
Microsoft Visual Studio Solution File, Format Version 12.00
# Visual Studio Version 17
VisualStudioVersion = 17.4.33213.308
MinimumVisualStudioVersion = 10.0.40219.1
Project("{FAE04EC0-301F-11D3-BF4B-00C04F79EFBC}") = "GemBoxDemo", "GemBoxDemo\GemBoxDemo.csproj", "{91ABA596-9F8C-4767-9D3B-D30F1A6BEF6B}"
EndProject
Global
	GlobalSection(SolutionConfigurationPlatforms) = preSolution
		Debug|Any CPU = Debug|Any CPU
		Release|Any CPU = Release|Any CPU
	EndGlobalSection
	GlobalSection(ProjectConfigurationPlatforms) = postSolution
		{91ABA596-9F8C-4767-9D3B-D30F1A6BEF6B}.Debug|Any CPU.ActiveCfg = Debug|Any CPU
		{91ABA596-9F8C-4767-9D3B-D30F1A6BEF6B}.Debug|Any CPU.Build.0 = Debug|Any CPU
		{91ABA596-9F8C-4767-9D3B-D30F1A6BEF6B}.Release|Any CPU.ActiveCfg = Release|Any CPU
		{91ABA596-9F8C-4767-9D3B-D30F1A6BEF6B}.Release|Any CPU.Build.0 = Release|Any CPU
	EndGlobalSection
	GlobalSection(SolutionProperties) = preSolution
		HideSolutionNode = FALSE
	EndGlobalSection
	GlobalSection(ExtensibilityGlobals) = postSolution
		SolutionGuid = {1B69A472-71AF-4528-8F74-EB7D1997BAF5}
	EndGlobalSection
EndGlobal
